
Microsoft Visual Studio Solution File, Format Version 12.00
# Visual Studio Version 17
VisualStudioVersion = 17.4.33403.182
MinimumVisualStudioVersion = 10.0.40219.1
Project("{FAE04EC0-301F-11D3-BF4B-00C04F79EFBC}") = "Word2", "Word2\Word2.csproj", "{9934C5E9-3834-456A-A3F1-6BAE8C4C99C5}"
EndProject
Global
	GlobalSection(SolutionConfigurationPlatforms) = preSolution
		Debug|Any CPU = Debug|Any CPU
		Release|Any CPU = Release|Any CPU
	EndGlobalSection
	GlobalSection(ProjectConfigurationPlatforms) = postSolution
		{9934C5E9-3834-456A-A3F1-6BAE8C4C99C5}.Debug|Any CPU.ActiveCfg = Debug|Any CPU
		{9934C5E9-3834-456A-A3F1-6BAE8C4C99C5}.Debug|Any CPU.Build.0 = Debug|Any CPU
		{9934C5E9-3834-456A-A3F1-6BAE8C4C99C5}.Release|Any CPU.ActiveCfg = Release|Any CPU
		{9934C5E9-3834-456A-A3F1-6BAE8C4C99C5}.Release|Any CPU.Build.0 = Release|Any CPU
	EndGlobalSection
	GlobalSection(SolutionProperties) = preSolution
		HideSolutionNode = FALSE
	EndGlobalSection
	GlobalSection(ExtensibilityGlobals) = postSolution
		SolutionGuid = {57D7C1CD-A9F3-4AC3-9127-AE4F420994E7}
	EndGlobalSection
EndGlobal
